
Microsoft Visual Studio Solution File, Format Version 12.00
# Visual Studio Version 16
VisualStudioVersion = 16.0.30011.22
MinimumVisualStudioVersion = 10.0.40219.1
Project("{9A19103F-16F7-4668-BE54-9A1E7A4F7556}") = "Clôture des fiches", "Clôture des fiches\Clôture des fiches.csproj", "{49B67316-D67C-4DB7-8DC3-4F0E9707EC95}"
EndProject
Project("{9A19103F-16F7-4668-BE54-9A1E7A4F7556}") = "TestFiches", "TestFiches\TestFiches.csproj", "{29D1A662-C361-4961-8EE0-A849285BD23C}"
EndProject
Project("{FAE04EC0-301F-11D3-BF4B-00C04F79EFBC}") = "ClotureDesFichesWinService", "..\ClotureDesFichesWinService\ClotureDesFichesWinService\ClotureDesFichesWinService.csproj", "{F45E54D7-B973-47D0-AE37-8F358368C8C4}"
EndProject
Global
	GlobalSection(SolutionConfigurationPlatforms) = preSolution
		Debug|Any CPU = Debug|Any CPU
		Release|Any CPU = Release|Any CPU
	EndGlobalSection
	GlobalSection(ProjectConfigurationPlatforms) = postSolution
		{49B67316-D67C-4DB7-8DC3-4F0E9707EC95}.Debug|Any CPU.ActiveCfg = Debug|Any CPU
		{49B67316-D67C-4DB7-8DC3-4F0E9707EC95}.Debug|Any CPU.Build.0 = Debug|Any CPU
		{49B67316-D67C-4DB7-8DC3-4F0E9707EC95}.Release|Any CPU.ActiveCfg = Release|Any CPU
		{49B67316-D67C-4DB7-8DC3-4F0E9707EC95}.Release|Any CPU.Build.0 = Release|Any CPU
		{29D1A662-C361-4961-8EE0-A849285BD23C}.Debug|Any CPU.ActiveCfg = Debug|Any CPU
		{29D1A662-C361-4961-8EE0-A849285BD23C}.Debug|Any CPU.Build.0 = Debug|Any CPU
		{29D1A662-C361-4961-8EE0-A849285BD23C}.Release|Any CPU.ActiveCfg = Release|Any CPU
		{29D1A662-C361-4961-8EE0-A849285BD23C}.Release|Any CPU.Build.0 = Release|Any CPU
		{F45E54D7-B973-47D0-AE37-8F358368C8C4}.Debug|Any CPU.ActiveCfg = Debug|Any CPU
		{F45E54D7-B973-47D0-AE37-8F358368C8C4}.Debug|Any CPU.Build.0 = Debug|Any CPU
		{F45E54D7-B973-47D0-AE37-8F358368C8C4}.Release|Any CPU.ActiveCfg = Release|Any CPU
		{F45E54D7-B973-47D0-AE37-8F358368C8C4}.Release|Any CPU.Build.0 = Release|Any CPU
	EndGlobalSection
	GlobalSection(SolutionProperties) = preSolution
		HideSolutionNode = FALSE
	EndGlobalSection
	GlobalSection(ExtensibilityGlobals) = postSolution
		SolutionGuid = {9B6FAA27-1DEA-4837-A683-055447F8ABBC}
	EndGlobalSection
EndGlobal
